
Microsoft Visual Studio Solution File, Format Version 12.00
# Visual Studio Version 16
VisualStudioVersion = 16.0.30413.136
MinimumVisualStudioVersion = 10.0.40219.1
Project("{9A19103F-16F7-4668-BE54-9A1E7A4F7556}") = "Beltzac.FornecedoresProdutos.App", "Beltzac.FornecedoresProdutos.App\Beltzac.FornecedoresProdutos.App.csproj", "{07615438-4384-4388-9A4A-E4D9D5443D4A}"
EndProject
Project("{FAE04EC0-301F-11D3-BF4B-00C04F79EFBC}") = "Beltzac.FornecedoresProdutos.Dominio", "Beltzac.FornecedoresProdutos.Dominio\Beltzac.FornecedoresProdutos.Dominio.csproj", "{BA770B37-6DF5-4F24-AC42-3042619B31C4}"
EndProject
Project("{FAE04EC0-301F-11D3-BF4B-00C04F79EFBC}") = "Beltzac.FornecedoresProdutos.Dado", "Beltzac.FornecedoresProdutos.Dado\Beltzac.FornecedoresProdutos.Dado.csproj", "{C0526FB2-28FE-4279-814C-F9708599A61C}"
EndProject
Global
	GlobalSection(SolutionConfigurationPlatforms) = preSolution
		Debug|Any CPU = Debug|Any CPU
		Release|Any CPU = Release|Any CPU
	EndGlobalSection
	GlobalSection(ProjectConfigurationPlatforms) = postSolution
		{07615438-4384-4388-9A4A-E4D9D5443D4A}.Debug|Any CPU.ActiveCfg = Debug|Any CPU
		{07615438-4384-4388-9A4A-E4D9D5443D4A}.Debug|Any CPU.Build.0 = Debug|Any CPU
		{07615438-4384-4388-9A4A-E4D9D5443D4A}.Release|Any CPU.ActiveCfg = Release|Any CPU
		{07615438-4384-4388-9A4A-E4D9D5443D4A}.Release|Any CPU.Build.0 = Release|Any CPU
		{BA770B37-6DF5-4F24-AC42-3042619B31C4}.Debug|Any CPU.ActiveCfg = Debug|Any CPU
		{BA770B37-6DF5-4F24-AC42-3042619B31C4}.Debug|Any CPU.Build.0 = Debug|Any CPU
		{BA770B37-6DF5-4F24-AC42-3042619B31C4}.Release|Any CPU.ActiveCfg = Release|Any CPU
		{BA770B37-6DF5-4F24-AC42-3042619B31C4}.Release|Any CPU.Build.0 = Release|Any CPU
		{C0526FB2-28FE-4279-814C-F9708599A61C}.Debug|Any CPU.ActiveCfg = Debug|Any CPU
		{C0526FB2-28FE-4279-814C-F9708599A61C}.Debug|Any CPU.Build.0 = Debug|Any CPU
		{C0526FB2-28FE-4279-814C-F9708599A61C}.Release|Any CPU.ActiveCfg = Release|Any CPU
		{C0526FB2-28FE-4279-814C-F9708599A61C}.Release|Any CPU.Build.0 = Release|Any CPU
	EndGlobalSection
	GlobalSection(SolutionProperties) = preSolution
		HideSolutionNode = FALSE
	EndGlobalSection
	GlobalSection(ExtensibilityGlobals) = postSolution
		SolutionGuid = {12E136E1-47D1-4D2F-92FF-D37262E79F0A}
	EndGlobalSection
EndGlobal
